
Microsoft Visual Studio Solution File, Format Version 12.00
# Visual Studio Version 17
VisualStudioVersion = 17.5.33530.505
MinimumVisualStudioVersion = 10.0.40219.1
Project("{FAE04EC0-301F-11D3-BF4B-00C04F79EFBC}") = "TnServer", "TnServer.csproj", "{3EFB9F5A-B39A-4A92-B329-5FA7CB17731E}"
EndProject
Global
	GlobalSection(SolutionConfigurationPlatforms) = preSolution
		Debug|Any CPU = Debug|Any CPU
		Release|Any CPU = Release|Any CPU
	EndGlobalSection
	GlobalSection(ProjectConfigurationPlatforms) = postSolution
		{3EFB9F5A-B39A-4A92-B329-5FA7CB17731E}.Debug|Any CPU.ActiveCfg = Debug|Any CPU
		{3EFB9F5A-B39A-4A92-B329-5FA7CB17731E}.Debug|Any CPU.Build.0 = Debug|Any CPU
		{3EFB9F5A-B39A-4A92-B329-5FA7CB17731E}.Release|Any CPU.ActiveCfg = Release|Any CPU
		{3EFB9F5A-B39A-4A92-B329-5FA7CB17731E}.Release|Any CPU.Build.0 = Release|Any CPU
	EndGlobalSection
	GlobalSection(SolutionProperties) = preSolution
		HideSolutionNode = FALSE
	EndGlobalSection
	GlobalSection(ExtensibilityGlobals) = postSolution
		SolutionGuid = {ADF4459C-DD7E-4EA4-A4DA-E864200823CA}
	EndGlobalSection
EndGlobal
